// !$*UTF8*$!
{
	archiveVersion = 1;
	classes = {
	};
	objectVersion = 46;
	objects = {

/* Begin PBXBuildFile section */
		C6A031D91CF275CE000FB2A3 /* AppDelegate.swift in Sources */ = {isa = PBXBuildFile; fileRef = C6A031D81CF275CE000FB2A3 /* AppDelegate.swift */; };
		C6A031DB1CF275CE000FB2A3 /* RecordSoundsViewController.swift in Sources */ = {isa = PBXBuildFile; fileRef = C6A031DA1CF275CE000FB2A3 /* RecordSoundsViewController.swift */; };
		C6A031DE1CF275CE000FB2A3 /* Main.storyboard in Resources */ = {isa = PBXBuildFile; fileRef = C6A031DC1CF275CE000FB2A3 /* Main.storyboard */; };
		C6A031E01CF275CE000FB2A3 /* Assets.xcassets in Resources */ = {isa = PBXBuildFile; fileRef = C6A031DF1CF275CE000FB2A3 /* Assets.xcassets */; };
		C6A031E31CF275CE000FB2A3 /* LaunchScreen.storyboard in Resources */ = {isa = PBXBuildFile; fileRef = C6A031E11CF275CE000FB2A3 /* LaunchScreen.storyboard */; };
		C6A031EE1CF275CF000FB2A3 /* Pitch_PerfectTests.swift in Sources */ = {isa = PBXBuildFile; fileRef = C6A031ED1CF275CF000FB2A3 /* Pitch_PerfectTests.swift */; };
		C6A031F91CF275CF000FB2A3 /* Pitch_PerfectUITests.swift in Sources */ = {isa = PBXBuildFile; fileRef = C6A031F81CF275CF000FB2A3 /* Pitch_PerfectUITests.swift */; };
		C6A032071CF3462D000FB2A3 /* PlaySoundsViewController.swift in Sources */ = {isa = PBXBuildFile; fileRef = C6A032061CF3462D000FB2A3 /* PlaySoundsViewController.swift */; };
		C6A032091CF36F41000FB2A3 /* PlaySoundsViewController+Audio.swift in Sources */ = {isa = PBXBuildFile; fileRef = C6A032081CF36F41000FB2A3 /* PlaySoundsViewController+Audio.swift */; };
/* End PBXBuildFile section */

/* Begin PBXContainerItemProxy section */
		C6A031EA1CF275CF000FB2A3 /* PBXContainerItemProxy */ = {
			isa = PBXContainerItemProxy;
			containerPortal = C6A031CD1CF275CE000FB2A3 /* Project object */;
			proxyType = 1;
			remoteGlobalIDString = C6A031D41CF275CE000FB2A3;
			remoteInfo = "Pitch Perfect";
		};
		C6A031F51CF275CF000FB2A3 /* PBXContainerItemProxy */ = {
			isa = PBXContainerItemProxy;
			containerPortal = C6A031CD1CF275CE000FB2A3 /* Project object */;
			proxyType = 1;
			remoteGlobalIDString = C6A031D41CF275CE000FB2A3;
			remoteInfo = "Pitch Perfect";
		};
/* End PBXContainerItemProxy section */

/* Begin PBXFileReference section */
		C6A031D51CF275CE000FB2A3 /* Pitch Perfect.app */ = {isa = PBXFileReference; explicitFileType = wrapper.application; includeInIndex = 0; path = "Pitch Perfect.app"; sourceTree = BUILT_PRODUCTS_DIR; };
		C6A031D81CF275CE000FB2A3 /* AppDelegate.swift */ = {isa = PBXFileReference; lastKnownFileType = sourcecode.swift; path = AppDelegate.swift; sourceTree = "<group>"; };
		C6A031DA1CF275CE000FB2A3 /* RecordSoundsViewController.swift */ = {isa = PBXFileReference; lastKnownFileType = sourcecode.swift; path = RecordSoundsViewController.swift; sourceTree = "<group>"; };
		C6A031DD1CF275CE000FB2A3 /* Base */ = {isa = PBXFileReference; lastKnownFileType = file.storyboard; name = Base; path = Base.lproj/Main.storyboard; sourceTree = "<group>"; };
		C6A031DF1CF275CE000FB2A3 /* Assets.xcassets */ = {isa = PBXFileReference; lastKnownFileType = folder.assetcatalog; path = Assets.xcassets; sourceTree = "<group>"; };
		C6A031E21CF275CE000FB2A3 /* Base */ = {isa = PBXFileReference; lastKnownFileType = file.storyboard; name = Base; path = Base.lproj/LaunchScreen.storyboard; sourceTree = "<group>"; };
		C6A031E41CF275CE000FB2A3 /* Info.plist */ = {isa = PBXFileReference; lastKnownFileType = text.plist.xml; path = Info.plist; sourceTree = "<group>"; };
		C6A031E91CF275CF000FB2A3 /* Pitch PerfectTests.xctest */ = {isa = PBXFileReference; explicitFileType = wrapper.cfbundle; includeInIndex = 0; path = "Pitch PerfectTests.xctest"; sourceTree = BUILT_PRODUCTS_DIR; };
		C6A031ED1CF275CF000FB2A3 /* Pitch_PerfectTests.swift */ = {isa = PBXFileReference; lastKnownFileType = sourcecode.swift; path = Pitch_PerfectTests.swift; sourceTree = "<group>"; };
		C6A031EF1CF275CF000FB2A3 /* Info.plist */ = {isa = PBXFileReference; lastKnownFileType = text.plist.xml; path = Info.plist; sourceTree = "<group>"; };
		C6A031F41CF275CF000FB2A3 /* Pitch PerfectUITests.xctest */ = {isa = PBXFileReference; explicitFileType = wrapper.cfbundle; includeInIndex = 0; path = "Pitch PerfectUITests.xctest"; sourceTree = BUILT_PRODUCTS_DIR; };
		C6A031F81CF275CF000FB2A3 /* Pitch_PerfectUITests.swift */ = {isa = PBXFileReference; lastKnownFileType = sourcecode.swift; path = Pitch_PerfectUITests.swift; sourceTree = "<group>"; };
		C6A031FA1CF275CF000FB2A3 /* Info.plist */ = {isa = PBXFileReference; lastKnownFileType = text.plist.xml; path = Info.plist; sourceTree = "<group>"; };
		C6A032061CF3462D000FB2A3 /* PlaySoundsViewController.swift */ = {isa = PBXFileReference; fileEncoding = 4; lastKnownFileType = sourcecode.swift; path = PlaySoundsViewController.swift; sourceTree = "<group>"; };
		C6A032081CF36F41000FB2A3 /* PlaySoundsViewController+Audio.swift */ = {isa = PBXFileReference; fileEncoding = 4; lastKnownFileType = sourcecode.swift; path = "PlaySoundsViewController+Audio.swift"; sourceTree = "<group>"; };
/* End PBXFileReference section */

/* Begin PBXFrameworksBuildPhase section */
		C6A031D21CF275CE000FB2A3 /* Frameworks */ = {
			isa = PBXFrameworksBuildPhase;
			buildActionMask = 2147483647;
			files = (
			);
			runOnlyForDeploymentPostprocessing = 0;
		};
		C6A031E61CF275CF000FB2A3 /* Frameworks */ = {
			isa = PBXFrameworksBuildPhase;
			buildActionMask = 2147483647;
			files = (
			);
			runOnlyForDeploymentPostprocessing = 0;
		};
		C6A031F11CF275CF000FB2A3 /* Frameworks */ = {
			isa = PBXFrameworksBuildPhase;
			buildActionMask = 2147483647;
			files = (
			);
			runOnlyForDeploymentPostprocessing = 0;
		};
/* End PBXFrameworksBuildPhase section */

/* Begin PBXGroup section */
		C6A031CC1CF275CE000FB2A3 = {
			isa = PBXGroup;
			children = (
				C6A031D71CF275CE000FB2A3 /* Pitch Perfect */,
				C6A031EC1CF275CF000FB2A3 /* Pitch PerfectTests */,
				C6A031F71CF275CF000FB2A3 /* Pitch PerfectUITests */,
				C6A031D61CF275CE000FB2A3 /* Products */,
			);
			sourceTree = "<group>";
		};
		C6A031D61CF275CE000FB2A3 /* Products */ = {
			isa = PBXGroup;
			children = (
				C6A031D51CF275CE000FB2A3 /* Pitch Perfect.app */,
				C6A031E91CF275CF000FB2A3 /* Pitch PerfectTests.xctest */,
				C6A031F41CF275CF000FB2A3 /* Pitch PerfectUITests.xctest */,
			);
			name = Products;
			sourceTree = "<group>";
		};
		C6A031D71CF275CE000FB2A3 /* Pitch Perfect */ = {
			isa = PBXGroup;
			children = (
				C6A031D81CF275CE000FB2A3 /* AppDelegate.swift */,
				C6A031DA1CF275CE000FB2A3 /* RecordSoundsViewController.swift */,
				C6A032061CF3462D000FB2A3 /* PlaySoundsViewController.swift */,
				C6A032081CF36F41000FB2A3 /* PlaySoundsViewController+Audio.swift */,
				C6A031DC1CF275CE000FB2A3 /* Main.storyboard */,
				C6A031DF1CF275CE000FB2A3 /* Assets.xcassets */,
				C6A031E11CF275CE000FB2A3 /* LaunchScreen.storyboard */,
				C6A031E41CF275CE000FB2A3 /* Info.plist */,
			);
			path = "Pitch Perfect";
			sourceTree = "<group>";
		};
		C6A031EC1CF275CF000FB2A3 /* Pitch PerfectTests */ = {
			isa = PBXGroup;
			children = (
				C6A031ED1CF275CF000FB2A3 /* Pitch_PerfectTests.swift */,
				C6A031EF1CF275CF000FB2A3 /* Info.plist */,
			);
			path = "Pitch PerfectTests";
			sourceTree = "<group>";
		};
		C6A031F71CF275CF000FB2A3 /* Pitch PerfectUITests */ = {
			isa = PBXGroup;
			children = (
				C6A031F81CF275CF000FB2A3 /* Pitch_PerfectUITests.swift */,
				C6A031FA1CF275CF000FB2A3 /* Info.plist */,
			);
			path = "Pitch PerfectUITests";
			sourceTree = "<group>";
		};
/* End PBXGroup section */

/* Begin PBXNativeTarget section */
		C6A031D41CF275CE000FB2A3 /* Pitch Perfect */ = {
			isa = PBXNativeTarget;
			buildConfigurationList = C6A031FD1CF275CF000FB2A3 /* Build configuration list for PBXNativeTarget "Pitch Perfect" */;
			buildPhases = (
				C6A031D11CF275CE000FB2A3 /* Sources */,
				C6A031D21CF275CE000FB2A3 /* Frameworks */,
				C6A031D31CF275CE000FB2A3 /* Resources */,
			);
			buildRules = (
			);
			dependencies = (
			);
			name = "Pitch Perfect";
			productName = "Pitch Perfect";
			productReference = C6A031D51CF275CE000FB2A3 /* Pitch Perfect.app */;
			productType = "com.apple.product-type.application";
		};
		C6A031E81CF275CF000FB2A3 /* Pitch PerfectTests */ = {
			isa = PBXNativeTarget;
			buildConfigurationList = C6A032001CF275CF000FB2A3 /* Build configuration list for PBXNativeTarget "Pitch PerfectTests" */;
			buildPhases = (
				C6A031E51CF275CF000FB2A3 /* Sources */,
				C6A031E61CF275CF000FB2A3 /* Frameworks */,
				C6A031E71CF275CF000FB2A3 /* Resources */,
			);
			buildRules = (
			);
			dependencies = (
				C6A031EB1CF275CF000FB2A3 /* PBXTargetDependency */,
			);
			name = "Pitch PerfectTests";
			productName = "Pitch PerfectTests";
			productReference = C6A031E91CF275CF000FB2A3 /* Pitch PerfectTests.xctest */;
			productType = "com.apple.product-type.bundle.unit-test";
		};
		C6A031F31CF275CF000FB2A3 /* Pitch PerfectUITests */ = {
			isa = PBXNativeTarget;
			buildConfigurationList = C6A032031CF275CF000FB2A3 /* Build configuration list for PBXNativeTarget "Pitch PerfectUITests" */;
			buildPhases = (
				C6A031F01CF275CF000FB2A3 /* Sources */,
				C6A031F11CF275CF000FB2A3 /* Frameworks */,
				C6A031F21CF275CF000FB2A3 /* Resources */,
			);
			buildRules = (
			);
			dependencies = (
				C6A031F61CF275CF000FB2A3 /* PBXTargetDependency */,
			);
			name = "Pitch PerfectUITests";
			productName = "Pitch PerfectUITests";
			productReference = C6A031F41CF275CF000FB2A3 /* Pitch PerfectUITests.xctest */;
			productType = "com.apple.product-type.bundle.ui-testing";
		};
/* End PBXNativeTarget section */

/* Begin PBXProject section */
		C6A031CD1CF275CE000FB2A3 /* Project object */ = {
			isa = PBXProject;
			attributes = {
				LastSwiftUpdateCheck = 0730;
				LastUpgradeCheck = 0730;
				ORGANIZATIONNAME = "Abdisalan Mohamud";
				TargetAttributes = {
					C6A031D41CF275CE000FB2A3 = {
						CreatedOnToolsVersion = 7.3;
						DevelopmentTeam = P7FP3D7CDH;
					};
					C6A031E81CF275CF000FB2A3 = {
						CreatedOnToolsVersion = 7.3;
						DevelopmentTeam = P7FP3D7CDH;
						TestTargetID = C6A031D41CF275CE000FB2A3;
					};
					C6A031F31CF275CF000FB2A3 = {
						CreatedOnToolsVersion = 7.3;
						DevelopmentTeam = P7FP3D7CDH;
						TestTargetID = C6A031D41CF275CE000FB2A3;
					};
				};
			};
			buildConfigurationList = C6A031D01CF275CE000FB2A3 /* Build configuration list for PBXProject "Pitch Perfect" */;
			compatibilityVersion = "Xcode 3.2";
			developmentRegion = English;
			hasScannedForEncodings = 0;
			knownRegions = (
				en,
				Base,
			);
			mainGroup = C6A031CC1CF275CE000FB2A3;
			productRefGroup = C6A031D61CF275CE000FB2A3 /* Products */;
			projectDirPath = "";
			projectRoot = "";
			targets = (
				C6A031D41CF275CE000FB2A3 /* Pitch Perfect */,
				C6A031E81CF275CF000FB2A3 /* Pitch PerfectTests */,
				C6A031F31CF275CF000FB2A3 /* Pitch PerfectUITests */,
			);
		};
/* End PBXProject section */

/* Begin PBXResourcesBuildPhase section */
		C6A031D31CF275CE000FB2A3 /* Resources */ = {
			isa = PBXResourcesBuildPhase;
			buildActionMask = 2147483647;
			files = (
				C6A031E31CF275CE000FB2A3 /* LaunchScreen.storyboard in Resources */,
				C6A031E01CF275CE000FB2A3 /* Assets.xcassets in Resources */,
				C6A031DE1CF275CE000FB2A3 /* Main.storyboard in Resources */,
			);
			runOnlyForDeploymentPostprocessing = 0;
		};
		C6A031E71CF275CF000FB2A3 /* Resources */ = {
			isa = PBXResourcesBuildPhase;
			buildActionMask = 2147483647;
			files = (
			);
			runOnlyForDeploymentPostprocessing = 0;
		};
		C6A031F21CF275CF000FB2A3 /* Resources */ = {
			isa = PBXResourcesBuildPhase;
			buildActionMask = 2147483647;
			files = (
			);
			runOnlyForDeploymentPostprocessing = 0;
		};
/* End PBXResourcesBuildPhase section */

/* Begin PBXSourcesBuildPhase section */
		C6A031D11CF275CE000FB2A3 /* Sources */ = {
			isa = PBXSourcesBuildPhase;
			buildActionMask = 2147483647;
			files = (
				C6A031DB1CF275CE000FB2A3 /* RecordSoundsViewController.swift in Sources */,
				C6A032091CF36F41000FB2A3 /* PlaySoundsViewController+Audio.swift in Sources */,
				C6A032071CF3462D000FB2A3 /* PlaySoundsViewController.swift in Sources */,
				C6A031D91CF275CE000FB2A3 /* AppDelegate.swift in Sources */,
			);
			runOnlyForDeploymentPostprocessing = 0;
		};
		C6A031E51CF275CF000FB2A3 /* Sources */ = {
			isa = PBXSourcesBuildPhase;
			buildActionMask = 2147483647;
			files = (
				C6A031EE1CF275CF000FB2A3 /* Pitch_PerfectTests.swift in Sources */,
			);
			runOnlyForDeploymentPostprocessing = 0;
		};
		C6A031F01CF275CF000FB2A3 /* Sources */ = {
			isa = PBXSourcesBuildPhase;
			buildActionMask = 2147483647;
			files = (
				C6A031F91CF275CF000FB2A3 /* Pitch_PerfectUITests.swift in Sources */,
			);
			runOnlyForDeploymentPostprocessing = 0;
		};
/* End PBXSourcesBuildPhase section */

/* Begin PBXTargetDependency section */
		C6A031EB1CF275CF000FB2A3 /* PBXTargetDependency */ = {
			isa = PBXTargetDependency;
			target = C6A031D41CF275CE000FB2A3 /* Pitch Perfect */;
			targetProxy = C6A031EA1CF275CF000FB2A3 /* PBXContainerItemProxy */;
		};
		C6A031F61CF275CF000FB2A3 /* PBXTargetDependency */ = {
			isa = PBXTargetDependency;
			target = C6A031D41CF275CE000FB2A3 /* Pitch Perfect */;
			targetProxy = C6A031F51CF275CF000FB2A3 /* PBXContainerItemProxy */;
		};
/* End PBXTargetDependency section */

/* Begin PBXVariantGroup section */
		C6A031DC1CF275CE000FB2A3 /* Main.storyboard */ = {
			isa = PBXVariantGroup;
			children = (
				C6A031DD1CF275CE000FB2A3 /* Base */,
			);
			name = Main.storyboard;
			sourceTree = "<group>";
		};
		C6A031E11CF275CE000FB2A3 /* LaunchScreen.storyboard */ = {
			isa = PBXVariantGroup;
			children = (
				C6A031E21CF275CE000FB2A3 /* Base */,
			);
			name = LaunchScreen.storyboard;
			sourceTree = "<group>";
		};
/* End PBXVariantGroup section */

/* Begin XCBuildConfiguration section */
		C6A031FB1CF275CF000FB2A3 /* Debug */ = {
			isa = XCBuildConfiguration;
			buildSettings = {
				ALWAYS_SEARCH_USER_PATHS = NO;
				CLANG_ANALYZER_NONNULL = YES;
				CLANG_CXX_LANGUAGE_STANDARD = "gnu++0x";
				CLANG_CXX_LIBRARY = "libc++";
				CLANG_ENABLE_MODULES = YES;
				CLANG_ENABLE_OBJC_ARC = YES;
				CLANG_WARN_BOOL_CONVERSION = YES;
				CLANG_WARN_CONSTANT_CONVERSION = YES;
				CLANG_WARN_DIRECT_OBJC_ISA_USAGE = YES_ERROR;
				CLANG_WARN_EMPTY_BODY = YES;
				CLANG_WARN_ENUM_CONVERSION = YES;
				CLANG_WARN_INT_CONVERSION = YES;
				CLANG_WARN_OBJC_ROOT_CLASS = YES_ERROR;
				CLANG_WARN_UNREACHABLE_CODE = YES;
				CLANG_WARN__DUPLICATE_METHOD_MATCH = YES;
				"CODE_SIGN_IDENTITY[sdk=iphoneos*]" = "iPhone Developer";
				COPY_PHASE_STRIP = NO;
				DEBUG_INFORMATION_FORMAT = dwarf;
				ENABLE_STRICT_OBJC_MSGSEND = YES;
				ENABLE_TESTABILITY = YES;
				GCC_C_LANGUAGE_STANDARD = gnu99;
				GCC_DYNAMIC_NO_PIC = NO;
				GCC_NO_COMMON_BLOCKS = YES;
				GCC_OPTIMIZATION_LEVEL = 0;
				GCC_PREPROCESSOR_DEFINITIONS = (
					"DEBUG=1",
					"$(inherited)",
				);
				GCC_WARN_64_TO_32_BIT_CONVERSION = YES;
				GCC_WARN_ABOUT_RETURN_TYPE = YES_ERROR;
				GCC_WARN_UNDECLARED_SELECTOR = YES;
				GCC_WARN_UNINITIALIZED_AUTOS = YES_AGGRESSIVE;
				GCC_WARN_UNUSED_FUNCTION = YES;
				GCC_WARN_UNUSED_VARIABLE = YES;
				IPHONEOS_DEPLOYMENT_TARGET = 9.3;
				MTL_ENABLE_DEBUG_INFO = YES;
				ONLY_ACTIVE_ARCH = YES;
				SDKROOT = iphoneos;
				SWIFT_OPTIMIZATION_LEVEL = "-Onone";
				TARGETED_DEVICE_FAMILY = "1,2";
			};
			name = Debug;
		};
		C6A031FC1CF275CF000FB2A3 /* Release */ = {
			isa = XCBuildConfiguration;
			buildSettings = {
				ALWAYS_SEARCH_USER_PATHS = NO;
				CLANG_ANALYZER_NONNULL = YES;
				CLANG_CXX_LANGUAGE_STANDARD = "gnu++0x";
				CLANG_CXX_LIBRARY = "libc++";
				CLANG_ENABLE_MODULES = YES;
				CLANG_ENABLE_OBJC_ARC = YES;
				CLANG_WARN_BOOL_CONVERSION = YES;
				CLANG_WARN_CONSTANT_CONVERSION = YES;
				CLANG_WARN_DIRECT_OBJC_ISA_USAGE = YES_ERROR;
				CLANG_WARN_EMPTY_BODY = YES;
				CLANG_WARN_ENUM_CONVERSION = YES;
				CLANG_WARN_INT_CONVERSION = YES;
				CLANG_WARN_OBJC_ROOT_CLASS = YES_ERROR;
				CLANG_WARN_UNREACHABLE_CODE = YES;
				CLANG_WARN__DUPLICATE_METHOD_MATCH = YES;
				"CODE_SIGN_IDENTITY[sdk=iphoneos*]" = "iPhone Developer";
				COPY_PHASE_STRIP = NO;
				DEBUG_INFORMATION_FORMAT = "dwarf-with-dsym";
				ENABLE_NS_ASSERTIONS = NO;
				ENABLE_STRICT_OBJC_MSGSEND = YES;
				GCC_C_LANGUAGE_STANDARD = gnu99;
				GCC_NO_COMMON_BLOCKS = YES;
				GCC_WARN_64_TO_32_BIT_CONVERSION = YES;
				GCC_WARN_ABOUT_RETURN_TYPE = YES_ERROR;
				GCC_WARN_UNDECLARED_SELECTOR = YES;
				GCC_WARN_UNINITIALIZED_AUTOS = YES_AGGRESSIVE;
				GCC_WARN_UNUSED_FUNCTION = YES;
				GCC_WARN_UNUSED_VARIABLE = YES;
				IPHONEOS_DEPLOYMENT_TARGET = 9.3;
				MTL_ENABLE_DEBUG_INFO = NO;
				SDKROOT = iphoneos;
				TARGETED_DEVICE_FAMILY = "1,2";
				VALIDATE_PRODUCT = YES;
			};
			name = Release;
		};
		C6A031FE1CF275CF000FB2A3 /* Debug */ = {
			isa = XCBuildConfiguration;
			buildSettings = {
				ASSETCATALOG_COMPILER_APPICON_NAME = AppIcon;
				CODE_SIGN_IDENTITY = "iPhone Developer";
				"CODE_SIGN_IDENTITY[sdk=iphoneos*]" = "iPhone Developer";
				INFOPLIST_FILE = "Pitch Perfect/Info.plist";
				LD_RUNPATH_SEARCH_PATHS = "$(inherited) @executable_path/Frameworks";
				PRODUCT_BUNDLE_IDENTIFIER = "com.abdi.Pitch-Perfect";
				PRODUCT_NAME = "$(TARGET_NAME)";
				PROVISIONING_PROFILE = "";
			};
			name = Debug;
		};
		C6A031FF1CF275CF000FB2A3 /* Release */ = {
			isa = XCBuildConfiguration;
			buildSettings = {
				ASSETCATALOG_COMPILER_APPICON_NAME = AppIcon;
				CODE_SIGN_IDENTITY = "iPhone Developer";
				"CODE_SIGN_IDENTITY[sdk=iphoneos*]" = "iPhone Developer";
				INFOPLIST_FILE = "Pitch Perfect/Info.plist";
				LD_RUNPATH_SEARCH_PATHS = "$(inherited) @executable_path/Frameworks";
				PRODUCT_BUNDLE_IDENTIFIER = "com.abdi.Pitch-Perfect";
				PRODUCT_NAME = "$(TARGET_NAME)";
				PROVISIONING_PROFILE = "";
			};
			name = Release;
		};
		C6A032011CF275CF000FB2A3 /* Debug */ = {
			isa = XCBuildConfiguration;
			buildSettings = {
				BUNDLE_LOADER = "$(TEST_HOST)";
				INFOPLIST_FILE = "Pitch PerfectTests/Info.plist";
				LD_RUNPATH_SEARCH_PATHS = "$(inherited) @executable_path/Frameworks @loader_path/Frameworks";
				PRODUCT_BUNDLE_IDENTIFIER = "com.abdi.Pitch-PerfectTests";
				PRODUCT_NAME = "$(TARGET_NAME)";
				TEST_HOST = "$(BUILT_PRODUCTS_DIR)/Pitch Perfect.app/Pitch Perfect";
			};
			name = Debug;
		};
		C6A032021CF275CF000FB2A3 /* Release */ = {
			isa = XCBuildConfiguration;
			buildSettings = {
				BUNDLE_LOADER = "$(TEST_HOST)";
				INFOPLIST_FILE = "Pitch PerfectTests/Info.plist";
				LD_RUNPATH_SEARCH_PATHS = "$(inherited) @executable_path/Frameworks @loader_path/Frameworks";
				PRODUCT_BUNDLE_IDENTIFIER = "com.abdi.Pitch-PerfectTests";
				PRODUCT_NAME = "$(TARGET_NAME)";
				TEST_HOST = "$(BUILT_PRODUCTS_DIR)/Pitch Perfect.app/Pitch Perfect";
			};
			name = Release;
		};
		C6A032041CF275CF000FB2A3 /* Debug */ = {
			isa = XCBuildConfiguration;
			buildSettings = {
				INFOPLIST_FILE = "Pitch PerfectUITests/Info.plist";
				LD_RUNPATH_SEARCH_PATHS = "$(inherited) @executable_path/Frameworks @loader_path/Frameworks";
				PRODUCT_BUNDLE_IDENTIFIER = "com.abdi.Pitch-PerfectUITests";
				PRODUCT_NAME = "$(TARGET_NAME)";
				TEST_TARGET_NAME = "Pitch Perfect";
			};
			name = Debug;
		};
		C6A032051CF275CF000FB2A3 /* Release */ = {
			isa = XCBuildConfiguration;
			buildSettings = {
				INFOPLIST_FILE = "Pitch PerfectUITests/Info.plist";
				LD_RUNPATH_SEARCH_PATHS = "$(inherited) @executable_path/Frameworks @loader_path/Frameworks";
				PRODUCT_BUNDLE_IDENTIFIER = "com.abdi.Pitch-PerfectUITests";
				PRODUCT_NAME = "$(TARGET_NAME)";
				TEST_TARGET_NAME = "Pitch Perfect";
			};
			name = Release;
		};
/* End XCBuildConfiguration section */

/* Begin XCConfigurationList section */
		C6A031D01CF275CE000FB2A3 /* Build configuration list for PBXProject "Pitch Perfect" */ = {
			isa = XCConfigurationList;
			buildConfigurations = (
				C6A031FB1CF275CF000FB2A3 /* Debug */,
				C6A031FC1CF275CF000FB2A3 /* Release */,
			);
			defaultConfigurationIsVisible = 0;
			defaultConfigurationName = Release;
		};
		C6A031FD1CF275CF000FB2A3 /* Build configuration list for PBXNativeTarget "Pitch Perfect" */ = {
			isa = XCConfigurationList;
			buildConfigurations = (
				C6A031FE1CF275CF000FB2A3 /* Debug */,
				C6A031FF1CF275CF000FB2A3 /* Release */,
			);
			defaultConfigurationIsVisible = 0;
		};
		C6A032001CF275CF000FB2A3 /* Build configuration list for PBXNativeTarget "Pitch PerfectTests" */ = {
			isa = XCConfigurationList;
			buildConfigurations = (
				C6A032011CF275CF000FB2A3 /* Debug */,
				C6A032021CF275CF000FB2A3 /* Release */,
			);
			defaultConfigurationIsVisible = 0;
		};
		C6A032031CF275CF000FB2A3 /* Build configuration list for PBXNativeTarget "Pitch PerfectUITests" */ = {
			isa = XCConfigurationList;
			buildConfigurations = (
				C6A032041CF275CF000FB2A3 /* Debug */,
				C6A032051CF275CF000FB2A3 /* Release */,
			);
			defaultConfigurationIsVisible = 0;
		};
/* End XCConfigurationList section */
	};
	rootObject = C6A031CD1CF275CE000FB2A3 /* Project object */;
}
